
Microsoft Visual Studio Solution File, Format Version 12.00
# Visual Studio Version 17
VisualStudioVersion = 17.0.32014.148
MinimumVisualStudioVersion = 10.0.40219.1
Project("{8BC9CEB8-8B4A-11D0-8D11-00A0C91BC942}") = "YukiCore", "YukiCore\YukiCore.vcxproj", "{217561DF-8283-4319-B833-8F7347748478}"
EndProject
Project("{8BC9CEB8-8B4A-11D0-8D11-00A0C91BC942}") = "YukiSandbox", "YukiSandbox\YukiSandbox.vcxproj", "{34A04C3B-D5AF-4C80-8E10-E0077AD40E65}"
EndProject
Project("{8BC9CEB8-8B4A-11D0-8D11-00A0C91BC942}") = "YukiShader", "YukiShader\YukiShader.vcxproj", "{3ACD6C85-F0EB-4D1A-A166-13CF0D6587D5}"
EndProject
Project("{2150E333-8FDC-42A3-9474-1A3956D46DE8}") = "Solution Items", "Solution Items", "{A4B4905B-70FD-463E-97A3-5D859CDC9AD6}"
	ProjectSection(SolutionItems) = preProject
		.gitattributes = .gitattributes
		.gitignore = .gitignore
		README.MD = README.MD
	EndProjectSection
EndProject
Global
	GlobalSection(SolutionConfigurationPlatforms) = preSolution
		Debug|x64 = Debug|x64
		Debug|x86 = Debug|x86
		Release|x64 = Release|x64
		Release|x86 = Release|x86
	EndGlobalSection
	GlobalSection(ProjectConfigurationPlatforms) = postSolution
		{217561DF-8283-4319-B833-8F7347748478}.Debug|x64.ActiveCfg = Debug|x64
		{217561DF-8283-4319-B833-8F7347748478}.Debug|x64.Build.0 = Debug|x64
		{217561DF-8283-4319-B833-8F7347748478}.Debug|x86.ActiveCfg = Debug|Win32
		{217561DF-8283-4319-B833-8F7347748478}.Debug|x86.Build.0 = Debug|Win32
		{217561DF-8283-4319-B833-8F7347748478}.Release|x64.ActiveCfg = Release|x64
		{217561DF-8283-4319-B833-8F7347748478}.Release|x64.Build.0 = Release|x64
		{217561DF-8283-4319-B833-8F7347748478}.Release|x86.ActiveCfg = Release|Win32
		{217561DF-8283-4319-B833-8F7347748478}.Release|x86.Build.0 = Release|Win32
		{34A04C3B-D5AF-4C80-8E10-E0077AD40E65}.Debug|x64.ActiveCfg = Debug|x64
		{34A04C3B-D5AF-4C80-8E10-E0077AD40E65}.Debug|x64.Build.0 = Debug|x64
		{34A04C3B-D5AF-4C80-8E10-E0077AD40E65}.Debug|x86.ActiveCfg = Debug|Win32
		{34A04C3B-D5AF-4C80-8E10-E0077AD40E65}.Debug|x86.Build.0 = Debug|Win32
		{34A04C3B-D5AF-4C80-8E10-E0077AD40E65}.Release|x64.ActiveCfg = Release|x64
		{34A04C3B-D5AF-4C80-8E10-E0077AD40E65}.Release|x64.Build.0 = Release|x64
		{34A04C3B-D5AF-4C80-8E10-E0077AD40E65}.Release|x86.ActiveCfg = Release|Win32
		{34A04C3B-D5AF-4C80-8E10-E0077AD40E65}.Release|x86.Build.0 = Release|Win32
		{3ACD6C85-F0EB-4D1A-A166-13CF0D6587D5}.Debug|x64.ActiveCfg = Debug|x64
		{3ACD6C85-F0EB-4D1A-A166-13CF0D6587D5}.Debug|x64.Build.0 = Debug|x64
		{3ACD6C85-F0EB-4D1A-A166-13CF0D6587D5}.Debug|x86.ActiveCfg = Debug|Win32
		{3ACD6C85-F0EB-4D1A-A166-13CF0D6587D5}.Debug|x86.Build.0 = Debug|Win32
		{3ACD6C85-F0EB-4D1A-A166-13CF0D6587D5}.Release|x64.ActiveCfg = Release|x64
		{3ACD6C85-F0EB-4D1A-A166-13CF0D6587D5}.Release|x64.Build.0 = Release|x64
		{3ACD6C85-F0EB-4D1A-A166-13CF0D6587D5}.Release|x86.ActiveCfg = Release|Win32
		{3ACD6C85-F0EB-4D1A-A166-13CF0D6587D5}.Release|x86.Build.0 = Release|Win32
	EndGlobalSection
	GlobalSection(SolutionProperties) = preSolution
		HideSolutionNode = FALSE
	EndGlobalSection
	GlobalSection(ExtensibilityGlobals) = postSolution
		SolutionGuid = {FE22DD44-4345-4BCF-AA8F-F37FE92C8A0A}
	EndGlobalSection
EndGlobal
