<?xml version="1.0" encoding="utf-8"?>
<Project ToolsVersion="4.0" xmlns="http://schemas.microsoft.com/developer/msbuild/2003">
  <ItemGroup>
    <Filter Include="Include">
      <UniqueIdentifier>{3fce5339-9093-46fe-821d-c59cc314655d}</UniqueIdentifier>
    </Filter>
    <Filter Include="Srcs">
      <UniqueIdentifier>{286b905f-e292-427c-8291-a7c5da299b0e}</UniqueIdentifier>
    </Filter>
    <Filter Include="Include\YukiCore">
      <UniqueIdentifier>{dd4317c3-8200-467b-8d23-c6b45347c4f6}</UniqueIdentifier>
    </Filter>
    <Filter Include="Include\YukiDebug">
      <UniqueIdentifier>{8b1d40ed-370a-4fef-908a-8cf1b0e0e3fa}</UniqueIdentifier>
    </Filter>
    <Filter Include="Srcs\OpenGL Abstraction">
      <UniqueIdentifier>{4735379b-5a4e-4c42-81eb-2b1a33213ec6}</UniqueIdentifier>
    </Filter>
    <Filter Include="Srcs\Debug">
      <UniqueIdentifier>{64adbb4e-0227-442a-bf56-75f59757b80a}</UniqueIdentifier>
    </Filter>
    <Filter Include="Srcs\Core Components">
      <UniqueIdentifier>{9511d341-8739-4534-a590-6910a4e31e80}</UniqueIdentifier>
    </Filter>
    <Filter Include="Srcs\Utilities">
      <UniqueIdentifier>{b73b8102-8856-4e4e-a23d-ea8cfc6d2e83}</UniqueIdentifier>
    </Filter>
  </ItemGroup>
  <ItemGroup>
    <ClCompile Include="Srcs\YukiOGLVertexBuffer.cpp">
      <Filter>Srcs\OpenGL Abstraction</Filter>
    </ClCompile>
    <ClCompile Include="Srcs\YukiOGLShaderProgram.cpp">
      <Filter>Srcs\OpenGL Abstraction</Filter>
    </ClCompile>
    <ClCompile Include="Srcs\YukiOGLVertexArray.cpp">
      <Filter>Srcs\OpenGL Abstraction</Filter>
    </ClCompile>
    <ClCompile Include="Srcs\YukiError.cpp">
      <Filter>Srcs\Debug</Filter>
    </ClCompile>
    <ClCompile Include="Srcs\YukiLogger.cpp">
      <Filter>Srcs\Debug</Filter>
    </ClCompile>
    <ClCompile Include="Srcs\YukiWindow.cpp">
      <Filter>Srcs\Core Components</Filter>
    </ClCompile>
    <ClCompile Include="Srcs\YukiApplication.cpp">
      <Filter>Srcs\Core Components</Filter>
    </ClCompile>
    <ClCompile Include="Srcs\YukiInputCtrl.cpp">
      <Filter>Srcs\Core Components</Filter>
    </ClCompile>
    <ClCompile Include="Srcs\YukiPCH.cpp">
      <Filter>Srcs\Core Components</Filter>
    </ClCompile>
    <ClCompile Include="Srcs\YukiThread.cpp">
      <Filter>Srcs\Core Components</Filter>
    </ClCompile>
    <ClCompile Include="Srcs\YukiChrono.cpp">
      <Filter>Srcs\Utilities</Filter>
    </ClCompile>
    <ClCompile Include="Srcs\YukiOGLElementBuffer.cpp">
      <Filter>Srcs\OpenGL Abstraction</Filter>
    </ClCompile>
  </ItemGroup>
  <ItemGroup>
    <ClInclude Include="Include\YukiCore\YukiApplication.hpp">
      <Filter>Include\YukiCore</Filter>
    </ClInclude>
    <ClInclude Include="Include\YukiCore\YukiGraphics.hpp">
      <Filter>Include\YukiCore</Filter>
    </ClInclude>
    <ClInclude Include="Include\YukiCore\YukiInputCtrl.hpp">
      <Filter>Include\YukiCore</Filter>
    </ClInclude>
    <ClInclude Include="Include\YukiCore\YukiWindow.hpp">
      <Filter>Include\YukiCore</Filter>
    </ClInclude>
    <ClInclude Include="Include\YukiCore\YukiObject.hpp">
      <Filter>Include\YukiCore</Filter>
    </ClInclude>
    <ClInclude Include="Include\YukiCore\YukiPCH.hpp">
      <Filter>Include\YukiCore</Filter>
    </ClInclude>
    <ClInclude Include="Include\YukiCore\YukiChrono.hpp">
      <Filter>Include\YukiCore</Filter>
    </ClInclude>
    <ClInclude Include="Include\YukiCore\YukiThread.hpp">
      <Filter>Include\YukiCore</Filter>
    </ClInclude>
    <ClInclude Include="Include\YukiDebug\YukiError.hpp">
      <Filter>Include\YukiDebug</Filter>
    </ClInclude>
    <ClInclude Include="Include\YukiDebug\YukiLogger.hpp">
      <Filter>Include\YukiDebug</Filter>
    </ClInclude>
  </ItemGroup>
  <ItemGroup>
    <None Include="..\.clang-format" />
  </ItemGroup>
</Project>